
Microsoft Visual Studio Solution File, Format Version 12.00
# Visual Studio Version 16
VisualStudioVersion = 16.0.29613.14
MinimumVisualStudioVersion = 10.0.40219.1
Project("{8BC9CEB8-8B4A-11D0-8D11-00A0C91BC942}") = "tessera", "tessera\tessera.vcxproj", "{243289A9-36B1-4647-A04E-7B524B8D1DAC}"
EndProject
Project("{8BC9CEB8-8B4A-11D0-8D11-00A0C91BC942}") = "tessera_workbench", "tessera_workbench\tessera_workbench.vcxproj", "{AD3A0094-248C-4292-B3A9-D9C206302BCA}"
EndProject
Global
	GlobalSection(SolutionConfigurationPlatforms) = preSolution
		Debug|x64 = Debug|x64
		Debug|x86 = Debug|x86
		Release|x64 = Release|x64
		Release|x86 = Release|x86
	EndGlobalSection
	GlobalSection(ProjectConfigurationPlatforms) = postSolution
		{243289A9-36B1-4647-A04E-7B524B8D1DAC}.Debug|x64.ActiveCfg = Debug|x64
		{243289A9-36B1-4647-A04E-7B524B8D1DAC}.Debug|x64.Build.0 = Debug|x64
		{243289A9-36B1-4647-A04E-7B524B8D1DAC}.Debug|x86.ActiveCfg = Debug|Win32
		{243289A9-36B1-4647-A04E-7B524B8D1DAC}.Debug|x86.Build.0 = Debug|Win32
		{243289A9-36B1-4647-A04E-7B524B8D1DAC}.Release|x64.ActiveCfg = Release|x64
		{243289A9-36B1-4647-A04E-7B524B8D1DAC}.Release|x64.Build.0 = Release|x64
		{243289A9-36B1-4647-A04E-7B524B8D1DAC}.Release|x86.ActiveCfg = Release|Win32
		{243289A9-36B1-4647-A04E-7B524B8D1DAC}.Release|x86.Build.0 = Release|Win32
		{AD3A0094-248C-4292-B3A9-D9C206302BCA}.Debug|x64.ActiveCfg = Debug|x64
		{AD3A0094-248C-4292-B3A9-D9C206302BCA}.Debug|x64.Build.0 = Debug|x64
		{AD3A0094-248C-4292-B3A9-D9C206302BCA}.Debug|x86.ActiveCfg = Debug|Win32
		{AD3A0094-248C-4292-B3A9-D9C206302BCA}.Debug|x86.Build.0 = Debug|Win32
		{AD3A0094-248C-4292-B3A9-D9C206302BCA}.Release|x64.ActiveCfg = Release|x64
		{AD3A0094-248C-4292-B3A9-D9C206302BCA}.Release|x64.Build.0 = Release|x64
		{AD3A0094-248C-4292-B3A9-D9C206302BCA}.Release|x86.ActiveCfg = Release|Win32
		{AD3A0094-248C-4292-B3A9-D9C206302BCA}.Release|x86.Build.0 = Release|Win32
	EndGlobalSection
	GlobalSection(SolutionProperties) = preSolution
		HideSolutionNode = FALSE
	EndGlobalSection
	GlobalSection(ExtensibilityGlobals) = postSolution
		SolutionGuid = {4965DF5A-8CBE-4F60-89EE-31FEC608AEDD}
	EndGlobalSection
EndGlobal
