<?xml version="1.0" encoding="utf-8"?>
<Project ToolsVersion="4.0" xmlns="http://schemas.microsoft.com/developer/msbuild/2003">
  <ItemGroup>
    <Filter Include="Source Files">
      <UniqueIdentifier>{4FC737F1-C7A5-4376-A066-2A32D752A2FF}</UniqueIdentifier>
      <Extensions>cpp;c;cc;cxx;def;odl;idl;hpj;bat;asm;asmx</Extensions>
    </Filter>
    <Filter Include="Source Files\parser">
      <UniqueIdentifier>{8c1be2d6-3160-43f2-a81c-b676d02f4fb9}</UniqueIdentifier>
    </Filter>
    <Filter Include="Source Files\impl">
      <UniqueIdentifier>{15ed8465-d7b7-498e-9ec1-e598836ffa44}</UniqueIdentifier>
    </Filter>
  </ItemGroup>
  <ItemGroup>
    <ClCompile Include="internal\expression.cpp">
      <Filter>Source Files\impl</Filter>
    </ClCompile>
    <ClCompile Include="internal\error.cpp">
      <Filter>Source Files\impl</Filter>
    </ClCompile>
    <ClCompile Include="internal\text_range.cpp">
      <Filter>Source Files\impl</Filter>
    </ClCompile>
    <ClCompile Include="internal\parser\exception.cpp">
      <Filter>Source Files\parser</Filter>
    </ClCompile>
    <ClCompile Include="internal\parser\keywords.cpp">
      <Filter>Source Files\parser</Filter>
    </ClCompile>
    <ClCompile Include="internal\parser\tile_parser.cpp">
      <Filter>Source Files\parser</Filter>
    </ClCompile>
    <ClCompile Include="internal\parser\expr_parser.cpp">
      <Filter>Source Files\parser</Filter>
    </ClCompile>
    <ClCompile Include="internal\parser\cond_expr_parser.cpp">
      <Filter>Source Files\parser</Filter>
    </ClCompile>
    <ClCompile Include="internal\parser\basic_expr_parser.cpp">
      <Filter>Source Files\parser</Filter>
    </ClCompile>
    <ClCompile Include="internal\expr_value.cpp">
      <Filter>Source Files\impl</Filter>
    </ClCompile>
    <ClCompile Include="internal\math_util.cpp">
      <Filter>Source Files\impl</Filter>
    </ClCompile>
    <ClCompile Include="internal\tile_def.cpp">
      <Filter>Source Files\impl</Filter>
    </ClCompile>
    <ClCompile Include="internal\tile.cpp">
      <Filter>Source Files\impl</Filter>
    </ClCompile>
    <ClCompile Include="internal\tile_patch.cpp">
      <Filter>Source Files\impl</Filter>
    </ClCompile>
    <ClCompile Include="internal\tile_impl.cpp">
      <Filter>Source Files\impl</Filter>
    </ClCompile>
    <ClCompile Include="internal\tile_patch_impl.cpp">
      <Filter>Source Files\impl</Filter>
    </ClCompile>
    <ClCompile Include="internal\parser\special_parser.cpp">
      <Filter>Source Files\parser</Filter>
    </ClCompile>
    <ClCompile Include="internal\script.cpp">
      <Filter>Source Files\impl</Filter>
    </ClCompile>
    <ClCompile Include="internal\script_impl.cpp">
      <Filter>Source Files\impl</Filter>
    </ClCompile>
    <ClCompile Include="internal\parser\script_parser.cpp">
      <Filter>Source Files\parser</Filter>
    </ClCompile>
    <ClCompile Include="internal\parser\assignment_parser.cpp">
      <Filter>Source Files\parser</Filter>
    </ClCompile>
    <ClCompile Include="internal\parser\function_parser.cpp">
      <Filter>Source Files\parser</Filter>
    </ClCompile>
    <ClCompile Include="internal\object_expr.cpp">
      <Filter>Source Files\impl</Filter>
    </ClCompile>
    <ClCompile Include="internal\parser\object_expr_parser.cpp">
      <Filter>Source Files\parser</Filter>
    </ClCompile>
    <ClCompile Include="internal\lay_expr.cpp">
      <Filter>Source Files\impl</Filter>
    </ClCompile>
    <ClCompile Include="internal\parser\lay_expr_parser.cpp">
      <Filter>Source Files\parser</Filter>
    </ClCompile>
    <ClCompile Include="internal\lambda.cpp">
      <Filter>Source Files\impl</Filter>
    </ClCompile>
    <ClCompile Include="internal\function_def.cpp">
      <Filter>Source Files\impl</Filter>
    </ClCompile>
    <ClCompile Include="internal\eval_context.cpp">
      <Filter>Source Files\impl</Filter>
    </ClCompile>
    <ClCompile Include="internal\assignment_block.cpp">
      <Filter>Source Files\impl</Filter>
    </ClCompile>
    <ClCompile Include="internal\cluster.cpp">
      <Filter>Source Files\impl</Filter>
    </ClCompile>
    <ClCompile Include="internal\cluster_expr.cpp">
      <Filter>Source Files\impl</Filter>
    </ClCompile>
    <ClCompile Include="internal\parser\cluster_expr_parser.cpp">
      <Filter>Source Files\parser</Filter>
    </ClCompile>
    <ClCompile Include="internal\allocator.cpp">
      <Filter>Source Files\impl</Filter>
    </ClCompile>
  </ItemGroup>
  <ItemGroup>
    <ClInclude Include="internal\expression.h">
      <Filter>Source Files\impl</Filter>
    </ClInclude>
    <ClInclude Include="include\tessera\error.h">
      <Filter>Source Files\impl</Filter>
    </ClInclude>
    <ClInclude Include="internal\parser\util.h">
      <Filter>Source Files\parser</Filter>
    </ClInclude>
    <ClInclude Include="internal\text_range.h">
      <Filter>Source Files\impl</Filter>
    </ClInclude>
    <ClInclude Include="internal\parser\exception.h">
      <Filter>Source Files\parser</Filter>
    </ClInclude>
    <ClInclude Include="internal\parser\keywords.h">
      <Filter>Source Files\parser</Filter>
    </ClInclude>
    <ClInclude Include="internal\parser\tile_parser.h">
      <Filter>Source Files\parser</Filter>
    </ClInclude>
    <ClInclude Include="internal\parser\expr_parser.h">
      <Filter>Source Files\parser</Filter>
    </ClInclude>
    <ClInclude Include="internal\parser\cond_expr_parser.h">
      <Filter>Source Files\parser</Filter>
    </ClInclude>
    <ClInclude Include="internal\parser\basic_expr_parser.h">
      <Filter>Source Files\parser</Filter>
    </ClInclude>
    <ClInclude Include="internal\expr_value.h">
      <Filter>Source Files\impl</Filter>
    </ClInclude>
    <ClInclude Include="internal\math_util.h">
      <Filter>Source Files\impl</Filter>
    </ClInclude>
    <ClInclude Include="internal\tile_def.h">
      <Filter>Source Files\impl</Filter>
    </ClInclude>
    <ClInclude Include="include\tessera\tile.h">
      <Filter>Source Files\impl</Filter>
    </ClInclude>
    <ClInclude Include="include\tessera\tile_patch.h">
      <Filter>Source Files\impl</Filter>
    </ClInclude>
    <ClInclude Include="internal\tile_impl.h">
      <Filter>Source Files\impl</Filter>
    </ClInclude>
    <ClInclude Include="internal\tessera_impl.h">
      <Filter>Source Files\impl</Filter>
    </ClInclude>
    <ClInclude Include="internal\tile_patch_impl.h">
      <Filter>Source Files\impl</Filter>
    </ClInclude>
    <ClInclude Include="internal\parser\special_parser.h">
      <Filter>Source Files\parser</Filter>
    </ClInclude>
    <ClInclude Include="include\tessera\script.h">
      <Filter>Source Files\impl</Filter>
    </ClInclude>
    <ClInclude Include="internal\script_impl.h">
      <Filter>Source Files\impl</Filter>
    </ClInclude>
    <ClInclude Include="internal\parser\script_parser.h">
      <Filter>Source Files\parser</Filter>
    </ClInclude>
    <ClInclude Include="internal\parser\assignment_parser.h">
      <Filter>Source Files\parser</Filter>
    </ClInclude>
    <ClInclude Include="internal\parser\function_parser.h">
      <Filter>Source Files\parser</Filter>
    </ClInclude>
    <ClInclude Include="internal\object_expr.h">
      <Filter>Source Files\impl</Filter>
    </ClInclude>
    <ClInclude Include="internal\parser\object_expr_parser.h">
      <Filter>Source Files\parser</Filter>
    </ClInclude>
    <ClInclude Include="internal\lay_expr.h">
      <Filter>Source Files\impl</Filter>
    </ClInclude>
    <ClInclude Include="internal\parser\lay_expr_parser.h">
      <Filter>Source Files\parser</Filter>
    </ClInclude>
    <ClInclude Include="internal\lambda.h">
      <Filter>Source Files\impl</Filter>
    </ClInclude>
    <ClInclude Include="internal\function_def.h">
      <Filter>Source Files\impl</Filter>
    </ClInclude>
    <ClInclude Include="internal\eval_context.h">
      <Filter>Source Files\impl</Filter>
    </ClInclude>
    <ClInclude Include="internal\assignment_block.h">
      <Filter>Source Files\impl</Filter>
    </ClInclude>
    <ClInclude Include="internal\cluster.h">
      <Filter>Source Files\impl</Filter>
    </ClInclude>
    <ClInclude Include="internal\variant_util.h">
      <Filter>Source Files\impl</Filter>
    </ClInclude>
    <ClInclude Include="internal\cluster_expr.h">
      <Filter>Source Files\impl</Filter>
    </ClInclude>
    <ClInclude Include="internal\parser\cluster_expr_parser.h">
      <Filter>Source Files\parser</Filter>
    </ClInclude>
    <ClInclude Include="internal\lambda_impl.h">
      <Filter>Source Files\impl</Filter>
    </ClInclude>
    <ClInclude Include="internal\allocator.h">
      <Filter>Source Files\impl</Filter>
    </ClInclude>
  </ItemGroup>
</Project>